// !$*UTF8*$!
{
	archiveVersion = 1;
	classes = {
	};
	objectVersion = 46;
	objects = {

/* Begin PBXBuildFile section */
		606DEF3F1EFCF72A0045028C /* main.m in Sources */ = {isa = PBXBuildFile; fileRef = 606DEF3E1EFCF72A0045028C /* main.m */; };
		606DEF421EFCF72A0045028C /* AppDelegate.m in Sources */ = {isa = PBXBuildFile; fileRef = 606DEF411EFCF72A0045028C /* AppDelegate.m */; };
		606DEF451EFCF72A0045028C /* ViewController.m in Sources */ = {isa = PBXBuildFile; fileRef = 606DEF441EFCF72A0045028C /* ViewController.m */; };
		606DEF481EFCF72A0045028C /* Main.storyboard in Resources */ = {isa = PBXBuildFile; fileRef = 606DEF461EFCF72A0045028C /* Main.storyboard */; };
		606DEF4A1EFCF72A0045028C /* Assets.xcassets in Resources */ = {isa = PBXBuildFile; fileRef = 606DEF491EFCF72A0045028C /* Assets.xcassets */; };
		606DEF4D1EFCF72A0045028C /* LaunchScreen.storyboard in Resources */ = {isa = PBXBuildFile; fileRef = 606DEF4B1EFCF72A0045028C /* LaunchScreen.storyboard */; };
/* End PBXBuildFile section */

/* Begin PBXFileReference section */
		606DEF3A1EFCF72A0045028C /* AppTwo.app */ = {isa = PBXFileReference; explicitFileType = wrapper.application; includeInIndex = 0; path = AppTwo.app; sourceTree = BUILT_PRODUCTS_DIR; };
		606DEF3E1EFCF72A0045028C /* main.m */ = {isa = PBXFileReference; lastKnownFileType = sourcecode.c.objc; path = main.m; sourceTree = "<group>"; };
		606DEF401EFCF72A0045028C /* AppDelegate.h */ = {isa = PBXFileReference; lastKnownFileType = sourcecode.c.h; path = AppDelegate.h; sourceTree = "<group>"; };
		606DEF411EFCF72A0045028C /* AppDelegate.m */ = {isa = PBXFileReference; lastKnownFileType = sourcecode.c.objc; path = AppDelegate.m; sourceTree = "<group>"; };
		606DEF431EFCF72A0045028C /* ViewController.h */ = {isa = PBXFileReference; lastKnownFileType = sourcecode.c.h; path = ViewController.h; sourceTree = "<group>"; };
		606DEF441EFCF72A0045028C /* ViewController.m */ = {isa = PBXFileReference; lastKnownFileType = sourcecode.c.objc; path = ViewController.m; sourceTree = "<group>"; };
		606DEF471EFCF72A0045028C /* Base */ = {isa = PBXFileReference; lastKnownFileType = file.storyboard; name = Base; path = Base.lproj/Main.storyboard; sourceTree = "<group>"; };
		606DEF491EFCF72A0045028C /* Assets.xcassets */ = {isa = PBXFileReference; lastKnownFileType = folder.assetcatalog; path = Assets.xcassets; sourceTree = "<group>"; };
		606DEF4C1EFCF72A0045028C /* Base */ = {isa = PBXFileReference; lastKnownFileType = file.storyboard; name = Base; path = Base.lproj/LaunchScreen.storyboard; sourceTree = "<group>"; };
		606DEF4E1EFCF72A0045028C /* Info.plist */ = {isa = PBXFileReference; lastKnownFileType = text.plist.xml; path = Info.plist; sourceTree = "<group>"; };
/* End PBXFileReference section */

/* Begin PBXFrameworksBuildPhase section */
		606DEF371EFCF72A0045028C /* Frameworks */ = {
			isa = PBXFrameworksBuildPhase;
			buildActionMask = 2147483647;
			files = (
			);
			runOnlyForDeploymentPostprocessing = 0;
		};
/* End PBXFrameworksBuildPhase section */

/* Begin PBXGroup section */
		606DEF311EFCF72A0045028C = {
			isa = PBXGroup;
			children = (
				606DEF3C1EFCF72A0045028C /* AppTwo */,
				606DEF3B1EFCF72A0045028C /* Products */,
			);
			sourceTree = "<group>";
		};
		606DEF3B1EFCF72A0045028C /* Products */ = {
			isa = PBXGroup;
			children = (
				606DEF3A1EFCF72A0045028C /* AppTwo.app */,
			);
			name = Products;
			sourceTree = "<group>";
		};
		606DEF3C1EFCF72A0045028C /* AppTwo */ = {
			isa = PBXGroup;
			children = (
				606DEF401EFCF72A0045028C /* AppDelegate.h */,
				606DEF411EFCF72A0045028C /* AppDelegate.m */,
				606DEF431EFCF72A0045028C /* ViewController.h */,
				606DEF441EFCF72A0045028C /* ViewController.m */,
				606DEF461EFCF72A0045028C /* Main.storyboard */,
				606DEF491EFCF72A0045028C /* Assets.xcassets */,
				606DEF4B1EFCF72A0045028C /* LaunchScreen.storyboard */,
				606DEF4E1EFCF72A0045028C /* Info.plist */,
				606DEF3D1EFCF72A0045028C /* Supporting Files */,
			);
			path = AppTwo;
			sourceTree = "<group>";
		};
		606DEF3D1EFCF72A0045028C /* Supporting Files */ = {
			isa = PBXGroup;
			children = (
				606DEF3E1EFCF72A0045028C /* main.m */,
			);
			name = "Supporting Files";
			sourceTree = "<group>";
		};
/* End PBXGroup section */

/* Begin PBXNativeTarget section */
		606DEF391EFCF72A0045028C /* AppTwo */ = {
			isa = PBXNativeTarget;
			buildConfigurationList = 606DEF511EFCF72A0045028C /* Build configuration list for PBXNativeTarget "AppTwo" */;
			buildPhases = (
				606DEF361EFCF72A0045028C /* Sources */,
				606DEF371EFCF72A0045028C /* Frameworks */,
				606DEF381EFCF72A0045028C /* Resources */,
			);
			buildRules = (
			);
			dependencies = (
			);
			name = AppTwo;
			productName = AppTwo;
			productReference = 606DEF3A1EFCF72A0045028C /* AppTwo.app */;
			productType = "com.apple.product-type.application";
		};
/* End PBXNativeTarget section */

/* Begin PBXProject section */
		606DEF321EFCF72A0045028C /* Project object */ = {
			isa = PBXProject;
			attributes = {
				LastUpgradeCheck = 0830;
				ORGANIZATIONNAME = jh;
				TargetAttributes = {
					606DEF391EFCF72A0045028C = {
						CreatedOnToolsVersion = 8.3.3;
						DevelopmentTeam = U93LKXW86W;
						ProvisioningStyle = Automatic;
					};
				};
			};
			buildConfigurationList = 606DEF351EFCF72A0045028C /* Build configuration list for PBXProject "AppTwo" */;
			compatibilityVersion = "Xcode 3.2";
			developmentRegion = English;
			hasScannedForEncodings = 0;
			knownRegions = (
				en,
				Base,
			);
			mainGroup = 606DEF311EFCF72A0045028C;
			productRefGroup = 606DEF3B1EFCF72A0045028C /* Products */;
			projectDirPath = "";
			projectRoot = "";
			targets = (
				606DEF391EFCF72A0045028C /* AppTwo */,
			);
		};
/* End PBXProject section */

/* Begin PBXResourcesBuildPhase section */
		606DEF381EFCF72A0045028C /* Resources */ = {
			isa = PBXResourcesBuildPhase;
			buildActionMask = 2147483647;
			files = (
				606DEF4D1EFCF72A0045028C /* LaunchScreen.storyboard in Resources */,
				606DEF4A1EFCF72A0045028C /* Assets.xcassets in Resources */,
				606DEF481EFCF72A0045028C /* Main.storyboard in Resources */,
			);
			runOnlyForDeploymentPostprocessing = 0;
		};
/* End PBXResourcesBuildPhase section */

/* Begin PBXSourcesBuildPhase section */
		606DEF361EFCF72A0045028C /* Sources */ = {
			isa = PBXSourcesBuildPhase;
			buildActionMask = 2147483647;
			files = (
				606DEF451EFCF72A0045028C /* ViewController.m in Sources */,
				606DEF421EFCF72A0045028C /* AppDelegate.m in Sources */,
				606DEF3F1EFCF72A0045028C /* main.m in Sources */,
			);
			runOnlyForDeploymentPostprocessing = 0;
		};
/* End PBXSourcesBuildPhase section */

/* Begin PBXVariantGroup section */
		606DEF461EFCF72A0045028C /* Main.storyboard */ = {
			isa = PBXVariantGroup;
			children = (
				606DEF471EFCF72A0045028C /* Base */,
			);
			name = Main.storyboard;
			sourceTree = "<group>";
		};
		606DEF4B1EFCF72A0045028C /* LaunchScreen.storyboard */ = {
			isa = PBXVariantGroup;
			children = (
				606DEF4C1EFCF72A0045028C /* Base */,
			);
			name = LaunchScreen.storyboard;
			sourceTree = "<group>";
		};
/* End PBXVariantGroup section */

/* Begin XCBuildConfiguration section */
		606DEF4F1EFCF72A0045028C /* Debug */ = {
			isa = XCBuildConfiguration;
			buildSettings = {
				ALWAYS_SEARCH_USER_PATHS = NO;
				CLANG_ANALYZER_NONNULL = YES;
				CLANG_ANALYZER_NUMBER_OBJECT_CONVERSION = YES_AGGRESSIVE;
				CLANG_CXX_LANGUAGE_STANDARD = "gnu++0x";
				CLANG_CXX_LIBRARY = "libc++";
				CLANG_ENABLE_MODULES = YES;
				CLANG_ENABLE_OBJC_ARC = YES;
				CLANG_WARN_BOOL_CONVERSION = YES;
				CLANG_WARN_CONSTANT_CONVERSION = YES;
				CLANG_WARN_DIRECT_OBJC_ISA_USAGE = YES_ERROR;
				CLANG_WARN_DOCUMENTATION_COMMENTS = YES;
				CLANG_WARN_EMPTY_BODY = YES;
				CLANG_WARN_ENUM_CONVERSION = YES;
				CLANG_WARN_INFINITE_RECURSION = YES;
				CLANG_WARN_INT_CONVERSION = YES;
				CLANG_WARN_OBJC_ROOT_CLASS = YES_ERROR;
				CLANG_WARN_SUSPICIOUS_MOVE = YES;
				CLANG_WARN_UNREACHABLE_CODE = YES;
				CLANG_WARN__DUPLICATE_METHOD_MATCH = YES;
				"CODE_SIGN_IDENTITY[sdk=iphoneos*]" = "iPhone Developer";
				COPY_PHASE_STRIP = NO;
				DEBUG_INFORMATION_FORMAT = dwarf;
				ENABLE_STRICT_OBJC_MSGSEND = YES;
				ENABLE_TESTABILITY = YES;
				GCC_C_LANGUAGE_STANDARD = gnu99;
				GCC_DYNAMIC_NO_PIC = NO;
				GCC_NO_COMMON_BLOCKS = YES;
				GCC_OPTIMIZATION_LEVEL = 0;
				GCC_PREPROCESSOR_DEFINITIONS = (
					"DEBUG=1",
					"$(inherited)",
				);
				GCC_WARN_64_TO_32_BIT_CONVERSION = YES;
				GCC_WARN_ABOUT_RETURN_TYPE = YES_ERROR;
				GCC_WARN_UNDECLARED_SELECTOR = YES;
				GCC_WARN_UNINITIALIZED_AUTOS = YES_AGGRESSIVE;
				GCC_WARN_UNUSED_FUNCTION = YES;
				GCC_WARN_UNUSED_VARIABLE = YES;
				IPHONEOS_DEPLOYMENT_TARGET = 10.3;
				MTL_ENABLE_DEBUG_INFO = YES;
				ONLY_ACTIVE_ARCH = YES;
				SDKROOT = iphoneos;
			};
			name = Debug;
		};
		606DEF501EFCF72A0045028C /* Release */ = {
			isa = XCBuildConfiguration;
			buildSettings = {
				ALWAYS_SEARCH_USER_PATHS = NO;
				CLANG_ANALYZER_NONNULL = YES;
				CLANG_ANALYZER_NUMBER_OBJECT_CONVERSION = YES_AGGRESSIVE;
				CLANG_CXX_LANGUAGE_STANDARD = "gnu++0x";
				CLANG_CXX_LIBRARY = "libc++";
				CLANG_ENABLE_MODULES = YES;
				CLANG_ENABLE_OBJC_ARC = YES;
				CLANG_WARN_BOOL_CONVERSION = YES;
				CLANG_WARN_CONSTANT_CONVERSION = YES;
				CLANG_WARN_DIRECT_OBJC_ISA_USAGE = YES_ERROR;
				CLANG_WARN_DOCUMENTATION_COMMENTS = YES;
				CLANG_WARN_EMPTY_BODY = YES;
				CLANG_WARN_ENUM_CONVERSION = YES;
				CLANG_WARN_INFINITE_RECURSION = YES;
				CLANG_WARN_INT_CONVERSION = YES;
				CLANG_WARN_OBJC_ROOT_CLASS = YES_ERROR;
				CLANG_WARN_SUSPICIOUS_MOVE = YES;
				CLANG_WARN_UNREACHABLE_CODE = YES;
				CLANG_WARN__DUPLICATE_METHOD_MATCH = YES;
				"CODE_SIGN_IDENTITY[sdk=iphoneos*]" = "iPhone Developer";
				COPY_PHASE_STRIP = NO;
				DEBUG_INFORMATION_FORMAT = "dwarf-with-dsym";
				ENABLE_NS_ASSERTIONS = NO;
				ENABLE_STRICT_OBJC_MSGSEND = YES;
				GCC_C_LANGUAGE_STANDARD = gnu99;
				GCC_NO_COMMON_BLOCKS = YES;
				GCC_WARN_64_TO_32_BIT_CONVERSION = YES;
				GCC_WARN_ABOUT_RETURN_TYPE = YES_ERROR;
				GCC_WARN_UNDECLARED_SELECTOR = YES;
				GCC_WARN_UNINITIALIZED_AUTOS = YES_AGGRESSIVE;
				GCC_WARN_UNUSED_FUNCTION = YES;
				GCC_WARN_UNUSED_VARIABLE = YES;
				IPHONEOS_DEPLOYMENT_TARGET = 10.3;
				MTL_ENABLE_DEBUG_INFO = NO;
				SDKROOT = iphoneos;
				VALIDATE_PRODUCT = YES;
			};
			name = Release;
		};
		606DEF521EFCF72A0045028C /* Debug */ = {
			isa = XCBuildConfiguration;
			buildSettings = {
				ASSETCATALOG_COMPILER_APPICON_NAME = AppIcon;
				DEVELOPMENT_TEAM = U93LKXW86W;
				INFOPLIST_FILE = AppTwo/Info.plist;
				IPHONEOS_DEPLOYMENT_TARGET = 8.0;
				LD_RUNPATH_SEARCH_PATHS = "$(inherited) @executable_path/Frameworks";
				PRODUCT_BUNDLE_IDENTIFIER = com.jh.AppTwo;
				PRODUCT_NAME = "$(TARGET_NAME)";
			};
			name = Debug;
		};
		606DEF531EFCF72A0045028C /* Release */ = {
			isa = XCBuildConfiguration;
			buildSettings = {
				ASSETCATALOG_COMPILER_APPICON_NAME = AppIcon;
				DEVELOPMENT_TEAM = U93LKXW86W;
				INFOPLIST_FILE = AppTwo/Info.plist;
				IPHONEOS_DEPLOYMENT_TARGET = 8.0;
				LD_RUNPATH_SEARCH_PATHS = "$(inherited) @executable_path/Frameworks";
				PRODUCT_BUNDLE_IDENTIFIER = com.jh.AppTwo;
				PRODUCT_NAME = "$(TARGET_NAME)";
			};
			name = Release;
		};
/* End XCBuildConfiguration section */

/* Begin XCConfigurationList section */
		606DEF351EFCF72A0045028C /* Build configuration list for PBXProject "AppTwo" */ = {
			isa = XCConfigurationList;
			buildConfigurations = (
				606DEF4F1EFCF72A0045028C /* Debug */,
				606DEF501EFCF72A0045028C /* Release */,
			);
			defaultConfigurationIsVisible = 0;
			defaultConfigurationName = Release;
		};
		606DEF511EFCF72A0045028C /* Build configuration list for PBXNativeTarget "AppTwo" */ = {
			isa = XCConfigurationList;
			buildConfigurations = (
				606DEF521EFCF72A0045028C /* Debug */,
				606DEF531EFCF72A0045028C /* Release */,
			);
			defaultConfigurationIsVisible = 0;
		};
/* End XCConfigurationList section */
	};
	rootObject = 606DEF321EFCF72A0045028C /* Project object */;
}
