// !$*UTF8*$!
{
	archiveVersion = 1;
	classes = {
	};
	objectVersion = 46;
	objects = {

/* Begin PBXBuildFile section */
		606DEF1C1EFCF5A40045028C /* main.m in Sources */ = {isa = PBXBuildFile; fileRef = 606DEF1B1EFCF5A40045028C /* main.m */; };
		606DEF1F1EFCF5A40045028C /* AppDelegate.m in Sources */ = {isa = PBXBuildFile; fileRef = 606DEF1E1EFCF5A40045028C /* AppDelegate.m */; };
		606DEF221EFCF5A40045028C /* ViewController.m in Sources */ = {isa = PBXBuildFile; fileRef = 606DEF211EFCF5A40045028C /* ViewController.m */; };
		606DEF251EFCF5A40045028C /* Main.storyboard in Resources */ = {isa = PBXBuildFile; fileRef = 606DEF231EFCF5A40045028C /* Main.storyboard */; };
		606DEF271EFCF5A40045028C /* Assets.xcassets in Resources */ = {isa = PBXBuildFile; fileRef = 606DEF261EFCF5A40045028C /* Assets.xcassets */; };
		606DEF2A1EFCF5A40045028C /* LaunchScreen.storyboard in Resources */ = {isa = PBXBuildFile; fileRef = 606DEF281EFCF5A40045028C /* LaunchScreen.storyboard */; };
/* End PBXBuildFile section */

/* Begin PBXFileReference section */
		606DEF171EFCF5A40045028C /* AppOne.app */ = {isa = PBXFileReference; explicitFileType = wrapper.application; includeInIndex = 0; path = AppOne.app; sourceTree = BUILT_PRODUCTS_DIR; };
		606DEF1B1EFCF5A40045028C /* main.m */ = {isa = PBXFileReference; lastKnownFileType = sourcecode.c.objc; path = main.m; sourceTree = "<group>"; };
		606DEF1D1EFCF5A40045028C /* AppDelegate.h */ = {isa = PBXFileReference; lastKnownFileType = sourcecode.c.h; path = AppDelegate.h; sourceTree = "<group>"; };
		606DEF1E1EFCF5A40045028C /* AppDelegate.m */ = {isa = PBXFileReference; lastKnownFileType = sourcecode.c.objc; path = AppDelegate.m; sourceTree = "<group>"; };
		606DEF201EFCF5A40045028C /* ViewController.h */ = {isa = PBXFileReference; lastKnownFileType = sourcecode.c.h; path = ViewController.h; sourceTree = "<group>"; };
		606DEF211EFCF5A40045028C /* ViewController.m */ = {isa = PBXFileReference; lastKnownFileType = sourcecode.c.objc; path = ViewController.m; sourceTree = "<group>"; };
		606DEF241EFCF5A40045028C /* Base */ = {isa = PBXFileReference; lastKnownFileType = file.storyboard; name = Base; path = Base.lproj/Main.storyboard; sourceTree = "<group>"; };
		606DEF261EFCF5A40045028C /* Assets.xcassets */ = {isa = PBXFileReference; lastKnownFileType = folder.assetcatalog; path = Assets.xcassets; sourceTree = "<group>"; };
		606DEF291EFCF5A40045028C /* Base */ = {isa = PBXFileReference; lastKnownFileType = file.storyboard; name = Base; path = Base.lproj/LaunchScreen.storyboard; sourceTree = "<group>"; };
		606DEF2B1EFCF5A40045028C /* Info.plist */ = {isa = PBXFileReference; lastKnownFileType = text.plist.xml; path = Info.plist; sourceTree = "<group>"; };
/* End PBXFileReference section */

/* Begin PBXFrameworksBuildPhase section */
		606DEF141EFCF5A40045028C /* Frameworks */ = {
			isa = PBXFrameworksBuildPhase;
			buildActionMask = 2147483647;
			files = (
			);
			runOnlyForDeploymentPostprocessing = 0;
		};
/* End PBXFrameworksBuildPhase section */

/* Begin PBXGroup section */
		606DEF0E1EFCF5A40045028C = {
			isa = PBXGroup;
			children = (
				606DEF191EFCF5A40045028C /* AppOne */,
				606DEF181EFCF5A40045028C /* Products */,
			);
			sourceTree = "<group>";
		};
		606DEF181EFCF5A40045028C /* Products */ = {
			isa = PBXGroup;
			children = (
				606DEF171EFCF5A40045028C /* AppOne.app */,
			);
			name = Products;
			sourceTree = "<group>";
		};
		606DEF191EFCF5A40045028C /* AppOne */ = {
			isa = PBXGroup;
			children = (
				606DEF1D1EFCF5A40045028C /* AppDelegate.h */,
				606DEF1E1EFCF5A40045028C /* AppDelegate.m */,
				606DEF201EFCF5A40045028C /* ViewController.h */,
				606DEF211EFCF5A40045028C /* ViewController.m */,
				606DEF231EFCF5A40045028C /* Main.storyboard */,
				606DEF261EFCF5A40045028C /* Assets.xcassets */,
				606DEF281EFCF5A40045028C /* LaunchScreen.storyboard */,
				606DEF2B1EFCF5A40045028C /* Info.plist */,
				606DEF1A1EFCF5A40045028C /* Supporting Files */,
			);
			path = AppOne;
			sourceTree = "<group>";
		};
		606DEF1A1EFCF5A40045028C /* Supporting Files */ = {
			isa = PBXGroup;
			children = (
				606DEF1B1EFCF5A40045028C /* main.m */,
			);
			name = "Supporting Files";
			sourceTree = "<group>";
		};
/* End PBXGroup section */

/* Begin PBXNativeTarget section */
		606DEF161EFCF5A40045028C /* AppOne */ = {
			isa = PBXNativeTarget;
			buildConfigurationList = 606DEF2E1EFCF5A40045028C /* Build configuration list for PBXNativeTarget "AppOne" */;
			buildPhases = (
				606DEF131EFCF5A40045028C /* Sources */,
				606DEF141EFCF5A40045028C /* Frameworks */,
				606DEF151EFCF5A40045028C /* Resources */,
			);
			buildRules = (
			);
			dependencies = (
			);
			name = AppOne;
			productName = AppOne;
			productReference = 606DEF171EFCF5A40045028C /* AppOne.app */;
			productType = "com.apple.product-type.application";
		};
/* End PBXNativeTarget section */

/* Begin PBXProject section */
		606DEF0F1EFCF5A40045028C /* Project object */ = {
			isa = PBXProject;
			attributes = {
				LastUpgradeCheck = 0830;
				ORGANIZATIONNAME = icity;
				TargetAttributes = {
					606DEF161EFCF5A40045028C = {
						CreatedOnToolsVersion = 8.3.3;
						DevelopmentTeam = U93LKXW86W;
						ProvisioningStyle = Automatic;
					};
				};
			};
			buildConfigurationList = 606DEF121EFCF5A40045028C /* Build configuration list for PBXProject "AppOne" */;
			compatibilityVersion = "Xcode 3.2";
			developmentRegion = English;
			hasScannedForEncodings = 0;
			knownRegions = (
				en,
				Base,
			);
			mainGroup = 606DEF0E1EFCF5A40045028C;
			productRefGroup = 606DEF181EFCF5A40045028C /* Products */;
			projectDirPath = "";
			projectRoot = "";
			targets = (
				606DEF161EFCF5A40045028C /* AppOne */,
			);
		};
/* End PBXProject section */

/* Begin PBXResourcesBuildPhase section */
		606DEF151EFCF5A40045028C /* Resources */ = {
			isa = PBXResourcesBuildPhase;
			buildActionMask = 2147483647;
			files = (
				606DEF2A1EFCF5A40045028C /* LaunchScreen.storyboard in Resources */,
				606DEF271EFCF5A40045028C /* Assets.xcassets in Resources */,
				606DEF251EFCF5A40045028C /* Main.storyboard in Resources */,
			);
			runOnlyForDeploymentPostprocessing = 0;
		};
/* End PBXResourcesBuildPhase section */

/* Begin PBXSourcesBuildPhase section */
		606DEF131EFCF5A40045028C /* Sources */ = {
			isa = PBXSourcesBuildPhase;
			buildActionMask = 2147483647;
			files = (
				606DEF221EFCF5A40045028C /* ViewController.m in Sources */,
				606DEF1F1EFCF5A40045028C /* AppDelegate.m in Sources */,
				606DEF1C1EFCF5A40045028C /* main.m in Sources */,
			);
			runOnlyForDeploymentPostprocessing = 0;
		};
/* End PBXSourcesBuildPhase section */

/* Begin PBXVariantGroup section */
		606DEF231EFCF5A40045028C /* Main.storyboard */ = {
			isa = PBXVariantGroup;
			children = (
				606DEF241EFCF5A40045028C /* Base */,
			);
			name = Main.storyboard;
			sourceTree = "<group>";
		};
		606DEF281EFCF5A40045028C /* LaunchScreen.storyboard */ = {
			isa = PBXVariantGroup;
			children = (
				606DEF291EFCF5A40045028C /* Base */,
			);
			name = LaunchScreen.storyboard;
			sourceTree = "<group>";
		};
/* End PBXVariantGroup section */

/* Begin XCBuildConfiguration section */
		606DEF2C1EFCF5A40045028C /* Debug */ = {
			isa = XCBuildConfiguration;
			buildSettings = {
				ALWAYS_SEARCH_USER_PATHS = NO;
				CLANG_ANALYZER_NONNULL = YES;
				CLANG_ANALYZER_NUMBER_OBJECT_CONVERSION = YES_AGGRESSIVE;
				CLANG_CXX_LANGUAGE_STANDARD = "gnu++0x";
				CLANG_CXX_LIBRARY = "libc++";
				CLANG_ENABLE_MODULES = YES;
				CLANG_ENABLE_OBJC_ARC = YES;
				CLANG_WARN_BOOL_CONVERSION = YES;
				CLANG_WARN_CONSTANT_CONVERSION = YES;
				CLANG_WARN_DIRECT_OBJC_ISA_USAGE = YES_ERROR;
				CLANG_WARN_DOCUMENTATION_COMMENTS = YES;
				CLANG_WARN_EMPTY_BODY = YES;
				CLANG_WARN_ENUM_CONVERSION = YES;
				CLANG_WARN_INFINITE_RECURSION = YES;
				CLANG_WARN_INT_CONVERSION = YES;
				CLANG_WARN_OBJC_ROOT_CLASS = YES_ERROR;
				CLANG_WARN_SUSPICIOUS_MOVE = YES;
				CLANG_WARN_UNREACHABLE_CODE = YES;
				CLANG_WARN__DUPLICATE_METHOD_MATCH = YES;
				"CODE_SIGN_IDENTITY[sdk=iphoneos*]" = "iPhone Developer";
				COPY_PHASE_STRIP = NO;
				DEBUG_INFORMATION_FORMAT = dwarf;
				ENABLE_STRICT_OBJC_MSGSEND = YES;
				ENABLE_TESTABILITY = YES;
				GCC_C_LANGUAGE_STANDARD = gnu99;
				GCC_DYNAMIC_NO_PIC = NO;
				GCC_NO_COMMON_BLOCKS = YES;
				GCC_OPTIMIZATION_LEVEL = 0;
				GCC_PREPROCESSOR_DEFINITIONS = (
					"DEBUG=1",
					"$(inherited)",
				);
				GCC_WARN_64_TO_32_BIT_CONVERSION = YES;
				GCC_WARN_ABOUT_RETURN_TYPE = YES_ERROR;
				GCC_WARN_UNDECLARED_SELECTOR = YES;
				GCC_WARN_UNINITIALIZED_AUTOS = YES_AGGRESSIVE;
				GCC_WARN_UNUSED_FUNCTION = YES;
				GCC_WARN_UNUSED_VARIABLE = YES;
				IPHONEOS_DEPLOYMENT_TARGET = 10.3;
				MTL_ENABLE_DEBUG_INFO = YES;
				ONLY_ACTIVE_ARCH = YES;
				SDKROOT = iphoneos;
			};
			name = Debug;
		};
		606DEF2D1EFCF5A40045028C /* Release */ = {
			isa = XCBuildConfiguration;
			buildSettings = {
				ALWAYS_SEARCH_USER_PATHS = NO;
				CLANG_ANALYZER_NONNULL = YES;
				CLANG_ANALYZER_NUMBER_OBJECT_CONVERSION = YES_AGGRESSIVE;
				CLANG_CXX_LANGUAGE_STANDARD = "gnu++0x";
				CLANG_CXX_LIBRARY = "libc++";
				CLANG_ENABLE_MODULES = YES;
				CLANG_ENABLE_OBJC_ARC = YES;
				CLANG_WARN_BOOL_CONVERSION = YES;
				CLANG_WARN_CONSTANT_CONVERSION = YES;
				CLANG_WARN_DIRECT_OBJC_ISA_USAGE = YES_ERROR;
				CLANG_WARN_DOCUMENTATION_COMMENTS = YES;
				CLANG_WARN_EMPTY_BODY = YES;
				CLANG_WARN_ENUM_CONVERSION = YES;
				CLANG_WARN_INFINITE_RECURSION = YES;
				CLANG_WARN_INT_CONVERSION = YES;
				CLANG_WARN_OBJC_ROOT_CLASS = YES_ERROR;
				CLANG_WARN_SUSPICIOUS_MOVE = YES;
				CLANG_WARN_UNREACHABLE_CODE = YES;
				CLANG_WARN__DUPLICATE_METHOD_MATCH = YES;
				"CODE_SIGN_IDENTITY[sdk=iphoneos*]" = "iPhone Developer";
				COPY_PHASE_STRIP = NO;
				DEBUG_INFORMATION_FORMAT = "dwarf-with-dsym";
				ENABLE_NS_ASSERTIONS = NO;
				ENABLE_STRICT_OBJC_MSGSEND = YES;
				GCC_C_LANGUAGE_STANDARD = gnu99;
				GCC_NO_COMMON_BLOCKS = YES;
				GCC_WARN_64_TO_32_BIT_CONVERSION = YES;
				GCC_WARN_ABOUT_RETURN_TYPE = YES_ERROR;
				GCC_WARN_UNDECLARED_SELECTOR = YES;
				GCC_WARN_UNINITIALIZED_AUTOS = YES_AGGRESSIVE;
				GCC_WARN_UNUSED_FUNCTION = YES;
				GCC_WARN_UNUSED_VARIABLE = YES;
				IPHONEOS_DEPLOYMENT_TARGET = 10.3;
				MTL_ENABLE_DEBUG_INFO = NO;
				SDKROOT = iphoneos;
				VALIDATE_PRODUCT = YES;
			};
			name = Release;
		};
		606DEF2F1EFCF5A40045028C /* Debug */ = {
			isa = XCBuildConfiguration;
			buildSettings = {
				ASSETCATALOG_COMPILER_APPICON_NAME = AppIcon;
				DEVELOPMENT_TEAM = U93LKXW86W;
				INFOPLIST_FILE = AppOne/Info.plist;
				IPHONEOS_DEPLOYMENT_TARGET = 8.0;
				LD_RUNPATH_SEARCH_PATHS = "$(inherited) @executable_path/Frameworks";
				PRODUCT_BUNDLE_IDENTIFIER = com.jh.AppOne;
				PRODUCT_NAME = "$(TARGET_NAME)";
			};
			name = Debug;
		};
		606DEF301EFCF5A40045028C /* Release */ = {
			isa = XCBuildConfiguration;
			buildSettings = {
				ASSETCATALOG_COMPILER_APPICON_NAME = AppIcon;
				DEVELOPMENT_TEAM = U93LKXW86W;
				INFOPLIST_FILE = AppOne/Info.plist;
				IPHONEOS_DEPLOYMENT_TARGET = 8.0;
				LD_RUNPATH_SEARCH_PATHS = "$(inherited) @executable_path/Frameworks";
				PRODUCT_BUNDLE_IDENTIFIER = com.jh.AppOne;
				PRODUCT_NAME = "$(TARGET_NAME)";
			};
			name = Release;
		};
/* End XCBuildConfiguration section */

/* Begin XCConfigurationList section */
		606DEF121EFCF5A40045028C /* Build configuration list for PBXProject "AppOne" */ = {
			isa = XCConfigurationList;
			buildConfigurations = (
				606DEF2C1EFCF5A40045028C /* Debug */,
				606DEF2D1EFCF5A40045028C /* Release */,
			);
			defaultConfigurationIsVisible = 0;
			defaultConfigurationName = Release;
		};
		606DEF2E1EFCF5A40045028C /* Build configuration list for PBXNativeTarget "AppOne" */ = {
			isa = XCConfigurationList;
			buildConfigurations = (
				606DEF2F1EFCF5A40045028C /* Debug */,
				606DEF301EFCF5A40045028C /* Release */,
			);
			defaultConfigurationIsVisible = 0;
		};
/* End XCConfigurationList section */
	};
	rootObject = 606DEF0F1EFCF5A40045028C /* Project object */;
}
